// !$*UTF8*$!
{
	archiveVersion = 1;
	classes = {
	};
	objectVersion = 50;
	objects = {

/* Begin PBXBuildFile section */
		231CE00F2181D39100BF0759 /* PUR.png in Resources */ = {isa = PBXBuildFile; fileRef = 231CE00B2181D39100BF0759 /* PUR.png */; };
		231CE0102181D39100BF0759 /* HR.png in Resources */ = {isa = PBXBuildFile; fileRef = 231CE00C2181D39100BF0759 /* HR.png */; };
		231CE0112181D39100BF0759 /* LO.png in Resources */ = {isa = PBXBuildFile; fileRef = 231CE00D2181D39100BF0759 /* LO.png */; };
		231CE0122181D39100BF0759 /* IT.png in Resources */ = {isa = PBXBuildFile; fileRef = 231CE00E2181D39100BF0759 /* IT.png */; };
		23348F5E21B7B8DD003E16BD /* COOL.png in Resources */ = {isa = PBXBuildFile; fileRef = 23348F5D21B7B8DD003E16BD /* COOL.png */; };
		23997A7421BA6F6400EA32EB /* GoogleService-Info.plist in Resources */ = {isa = PBXBuildFile; fileRef = 23997A7321BA6F6400EA32EB /* GoogleService-Info.plist */; };
		3D2E52FCBFA2CD795CC17C03 /* Pods_ISU_V2UITests.framework in Frameworks */ = {isa = PBXBuildFile; fileRef = 510A96AB87044323C0F0DD1F /* Pods_ISU_V2UITests.framework */; };
		8488399D2E6750E113007E23 /* Pods_ISU_V2.framework in Frameworks */ = {isa = PBXBuildFile; fileRef = B4467444FD194DE3046F45D5 /* Pods_ISU_V2.framework */; };
		B76C6D512171C4BA000CB899 /* ViewController4.swift in Sources */ = {isa = PBXBuildFile; fileRef = B76C6D502171C4B9000CB899 /* ViewController4.swift */; };
		B7B0A32F2168C00C008FF802 /* TableViewCell3.swift in Sources */ = {isa = PBXBuildFile; fileRef = B7B0A32E2168C00C008FF802 /* TableViewCell3.swift */; };
		B7FDB774216887F000C0CCF7 /* AppDelegate.swift in Sources */ = {isa = PBXBuildFile; fileRef = B7FDB773216887F000C0CCF7 /* AppDelegate.swift */; };
		B7FDB776216887F000C0CCF7 /* ViewController.swift in Sources */ = {isa = PBXBuildFile; fileRef = B7FDB775216887F000C0CCF7 /* ViewController.swift */; };
		B7FDB779216887F000C0CCF7 /* Main.storyboard in Resources */ = {isa = PBXBuildFile; fileRef = B7FDB777216887F000C0CCF7 /* Main.storyboard */; };
		B7FDB77B216887F100C0CCF7 /* Assets.xcassets in Resources */ = {isa = PBXBuildFile; fileRef = B7FDB77A216887F100C0CCF7 /* Assets.xcassets */; };
		B7FDB77E216887F100C0CCF7 /* LaunchScreen.storyboard in Resources */ = {isa = PBXBuildFile; fileRef = B7FDB77C216887F100C0CCF7 /* LaunchScreen.storyboard */; };
		B7FDB789216887F100C0CCF7 /* ISU_V2Tests.swift in Sources */ = {isa = PBXBuildFile; fileRef = B7FDB788216887F100C0CCF7 /* ISU_V2Tests.swift */; };
		B7FDB794216887F100C0CCF7 /* ISU_V2UITests.swift in Sources */ = {isa = PBXBuildFile; fileRef = B7FDB793216887F100C0CCF7 /* ISU_V2UITests.swift */; };
		B7FDB7A221688C4B00C0CCF7 /* ViewController2.swift in Sources */ = {isa = PBXBuildFile; fileRef = B7FDB7A121688C4B00C0CCF7 /* ViewController2.swift */; };
		B7FDB7A421688E9C00C0CCF7 /* ViewController3.swift in Sources */ = {isa = PBXBuildFile; fileRef = B7FDB7A321688E9C00C0CCF7 /* ViewController3.swift */; };
		BF115849379790C4FB86DB3B /* Pods_ISU_V2Tests.framework in Frameworks */ = {isa = PBXBuildFile; fileRef = 4E6AC0D980269391FFAC9684 /* Pods_ISU_V2Tests.framework */; };
/* End PBXBuildFile section */

/* Begin PBXContainerItemProxy section */
		B7FDB785216887F100C0CCF7 /* PBXContainerItemProxy */ = {
			isa = PBXContainerItemProxy;
			containerPortal = B7FDB768216887F000C0CCF7 /* Project object */;
			proxyType = 1;
			remoteGlobalIDString = B7FDB76F216887F000C0CCF7;
			remoteInfo = ISU_V2;
		};
		B7FDB790216887F100C0CCF7 /* PBXContainerItemProxy */ = {
			isa = PBXContainerItemProxy;
			containerPortal = B7FDB768216887F000C0CCF7 /* Project object */;
			proxyType = 1;
			remoteGlobalIDString = B7FDB76F216887F000C0CCF7;
			remoteInfo = ISU_V2;
		};
/* End PBXContainerItemProxy section */

/* Begin PBXFileReference section */
		231CE00B2181D39100BF0759 /* PUR.png */ = {isa = PBXFileReference; lastKnownFileType = image.png; path = PUR.png; sourceTree = "<group>"; };
		231CE00C2181D39100BF0759 /* HR.png */ = {isa = PBXFileReference; lastKnownFileType = image.png; path = HR.png; sourceTree = "<group>"; };
		231CE00D2181D39100BF0759 /* LO.png */ = {isa = PBXFileReference; lastKnownFileType = image.png; path = LO.png; sourceTree = "<group>"; };
		231CE00E2181D39100BF0759 /* IT.png */ = {isa = PBXFileReference; lastKnownFileType = image.png; path = IT.png; sourceTree = "<group>"; };
		23348F5D21B7B8DD003E16BD /* COOL.png */ = {isa = PBXFileReference; lastKnownFileType = image.png; path = COOL.png; sourceTree = "<group>"; };
		23997A7321BA6F6400EA32EB /* GoogleService-Info.plist */ = {isa = PBXFileReference; fileEncoding = 4; lastKnownFileType = text.plist.xml; path = "GoogleService-Info.plist"; sourceTree = "<group>"; };
		3B4A26144B707B99FB66E3DC /* Pods-ISU_V2Tests.release.xcconfig */ = {isa = PBXFileReference; includeInIndex = 1; lastKnownFileType = text.xcconfig; name = "Pods-ISU_V2Tests.release.xcconfig"; path = "Pods/Target Support Files/Pods-ISU_V2Tests/Pods-ISU_V2Tests.release.xcconfig"; sourceTree = "<group>"; };
		4E6AC0D980269391FFAC9684 /* Pods_ISU_V2Tests.framework */ = {isa = PBXFileReference; explicitFileType = wrapper.framework; includeInIndex = 0; path = Pods_ISU_V2Tests.framework; sourceTree = BUILT_PRODUCTS_DIR; };
		510A96AB87044323C0F0DD1F /* Pods_ISU_V2UITests.framework */ = {isa = PBXFileReference; explicitFileType = wrapper.framework; includeInIndex = 0; path = Pods_ISU_V2UITests.framework; sourceTree = BUILT_PRODUCTS_DIR; };
		527A8D9C775CC00A323BBCE5 /* Pods-ISU_V2Tests.debug.xcconfig */ = {isa = PBXFileReference; includeInIndex = 1; lastKnownFileType = text.xcconfig; name = "Pods-ISU_V2Tests.debug.xcconfig"; path = "Pods/Target Support Files/Pods-ISU_V2Tests/Pods-ISU_V2Tests.debug.xcconfig"; sourceTree = "<group>"; };
		659F872981D1600A8E07EA3E /* Pods-ISU_V2UITests.debug.xcconfig */ = {isa = PBXFileReference; includeInIndex = 1; lastKnownFileType = text.xcconfig; name = "Pods-ISU_V2UITests.debug.xcconfig"; path = "Pods/Target Support Files/Pods-ISU_V2UITests/Pods-ISU_V2UITests.debug.xcconfig"; sourceTree = "<group>"; };
		955A944F62F7F0A619779EEA /* Pods-ISU_V2.release.xcconfig */ = {isa = PBXFileReference; includeInIndex = 1; lastKnownFileType = text.xcconfig; name = "Pods-ISU_V2.release.xcconfig"; path = "Pods/Target Support Files/Pods-ISU_V2/Pods-ISU_V2.release.xcconfig"; sourceTree = "<group>"; };
		B4467444FD194DE3046F45D5 /* Pods_ISU_V2.framework */ = {isa = PBXFileReference; explicitFileType = wrapper.framework; includeInIndex = 0; path = Pods_ISU_V2.framework; sourceTree = BUILT_PRODUCTS_DIR; };
		B76C6D502171C4B9000CB899 /* ViewController4.swift */ = {isa = PBXFileReference; lastKnownFileType = sourcecode.swift; path = ViewController4.swift; sourceTree = "<group>"; };
		B7B0A32E2168C00C008FF802 /* TableViewCell3.swift */ = {isa = PBXFileReference; lastKnownFileType = sourcecode.swift; path = TableViewCell3.swift; sourceTree = "<group>"; };
		B7FDB770216887F000C0CCF7 /* ISU_V2.app */ = {isa = PBXFileReference; explicitFileType = wrapper.application; includeInIndex = 0; path = ISU_V2.app; sourceTree = BUILT_PRODUCTS_DIR; };
		B7FDB773216887F000C0CCF7 /* AppDelegate.swift */ = {isa = PBXFileReference; lastKnownFileType = sourcecode.swift; path = AppDelegate.swift; sourceTree = "<group>"; };
		B7FDB775216887F000C0CCF7 /* ViewController.swift */ = {isa = PBXFileReference; lastKnownFileType = sourcecode.swift; path = ViewController.swift; sourceTree = "<group>"; };
		B7FDB778216887F000C0CCF7 /* Base */ = {isa = PBXFileReference; lastKnownFileType = file.storyboard; name = Base; path = Base.lproj/Main.storyboard; sourceTree = "<group>"; };
		B7FDB77A216887F100C0CCF7 /* Assets.xcassets */ = {isa = PBXFileReference; lastKnownFileType = folder.assetcatalog; path = Assets.xcassets; sourceTree = "<group>"; };
		B7FDB77D216887F100C0CCF7 /* Base */ = {isa = PBXFileReference; lastKnownFileType = file.storyboard; name = Base; path = Base.lproj/LaunchScreen.storyboard; sourceTree = "<group>"; };
		B7FDB77F216887F100C0CCF7 /* Info.plist */ = {isa = PBXFileReference; lastKnownFileType = text.plist.xml; path = Info.plist; sourceTree = "<group>"; };
		B7FDB784216887F100C0CCF7 /* ISU_V2Tests.xctest */ = {isa = PBXFileReference; explicitFileType = wrapper.cfbundle; includeInIndex = 0; path = ISU_V2Tests.xctest; sourceTree = BUILT_PRODUCTS_DIR; };
		B7FDB788216887F100C0CCF7 /* ISU_V2Tests.swift */ = {isa = PBXFileReference; lastKnownFileType = sourcecode.swift; path = ISU_V2Tests.swift; sourceTree = "<group>"; };
		B7FDB78A216887F100C0CCF7 /* Info.plist */ = {isa = PBXFileReference; lastKnownFileType = text.plist.xml; path = Info.plist; sourceTree = "<group>"; };
		B7FDB78F216887F100C0CCF7 /* ISU_V2UITests.xctest */ = {isa = PBXFileReference; explicitFileType = wrapper.cfbundle; includeInIndex = 0; path = ISU_V2UITests.xctest; sourceTree = BUILT_PRODUCTS_DIR; };
		B7FDB793216887F100C0CCF7 /* ISU_V2UITests.swift */ = {isa = PBXFileReference; lastKnownFileType = sourcecode.swift; path = ISU_V2UITests.swift; sourceTree = "<group>"; };
		B7FDB795216887F100C0CCF7 /* Info.plist */ = {isa = PBXFileReference; lastKnownFileType = text.plist.xml; path = Info.plist; sourceTree = "<group>"; };
		B7FDB7A121688C4B00C0CCF7 /* ViewController2.swift */ = {isa = PBXFileReference; lastKnownFileType = sourcecode.swift; path = ViewController2.swift; sourceTree = "<group>"; };
		B7FDB7A321688E9C00C0CCF7 /* ViewController3.swift */ = {isa = PBXFileReference; lastKnownFileType = sourcecode.swift; path = ViewController3.swift; sourceTree = "<group>"; };
		B8E5DAD48CC1472DA6263575 /* Pods-ISU_V2UITests.release.xcconfig */ = {isa = PBXFileReference; includeInIndex = 1; lastKnownFileType = text.xcconfig; name = "Pods-ISU_V2UITests.release.xcconfig"; path = "Pods/Target Support Files/Pods-ISU_V2UITests/Pods-ISU_V2UITests.release.xcconfig"; sourceTree = "<group>"; };
		DE445385EA63F2C210943EFF /* Pods-ISU_V2.debug.xcconfig */ = {isa = PBXFileReference; includeInIndex = 1; lastKnownFileType = text.xcconfig; name = "Pods-ISU_V2.debug.xcconfig"; path = "Pods/Target Support Files/Pods-ISU_V2/Pods-ISU_V2.debug.xcconfig"; sourceTree = "<group>"; };
/* End PBXFileReference section */

/* Begin PBXFrameworksBuildPhase section */
		B7FDB76D216887F000C0CCF7 /* Frameworks */ = {
			isa = PBXFrameworksBuildPhase;
			buildActionMask = 2147483647;
			files = (
				8488399D2E6750E113007E23 /* Pods_ISU_V2.framework in Frameworks */,
			);
			runOnlyForDeploymentPostprocessing = 0;
		};
		B7FDB781216887F100C0CCF7 /* Frameworks */ = {
			isa = PBXFrameworksBuildPhase;
			buildActionMask = 2147483647;
			files = (
				BF115849379790C4FB86DB3B /* Pods_ISU_V2Tests.framework in Frameworks */,
			);
			runOnlyForDeploymentPostprocessing = 0;
		};
		B7FDB78C216887F100C0CCF7 /* Frameworks */ = {
			isa = PBXFrameworksBuildPhase;
			buildActionMask = 2147483647;
			files = (
				3D2E52FCBFA2CD795CC17C03 /* Pods_ISU_V2UITests.framework in Frameworks */,
			);
			runOnlyForDeploymentPostprocessing = 0;
		};
/* End PBXFrameworksBuildPhase section */

/* Begin PBXGroup section */
		337145A529ABE4C1B7B04CC8 /* Pods */ = {
			isa = PBXGroup;
			children = (
				DE445385EA63F2C210943EFF /* Pods-ISU_V2.debug.xcconfig */,
				955A944F62F7F0A619779EEA /* Pods-ISU_V2.release.xcconfig */,
				527A8D9C775CC00A323BBCE5 /* Pods-ISU_V2Tests.debug.xcconfig */,
				3B4A26144B707B99FB66E3DC /* Pods-ISU_V2Tests.release.xcconfig */,
				659F872981D1600A8E07EA3E /* Pods-ISU_V2UITests.debug.xcconfig */,
				B8E5DAD48CC1472DA6263575 /* Pods-ISU_V2UITests.release.xcconfig */,
			);
			name = Pods;
			sourceTree = "<group>";
		};
		34F385EBC36BA44821B87458 /* Frameworks */ = {
			isa = PBXGroup;
			children = (
				B4467444FD194DE3046F45D5 /* Pods_ISU_V2.framework */,
				4E6AC0D980269391FFAC9684 /* Pods_ISU_V2Tests.framework */,
				510A96AB87044323C0F0DD1F /* Pods_ISU_V2UITests.framework */,
			);
			name = Frameworks;
			sourceTree = "<group>";
		};
		B7FDB767216887F000C0CCF7 = {
			isa = PBXGroup;
			children = (
				B7FDB772216887F000C0CCF7 /* ISU_V2 */,
				B7FDB787216887F100C0CCF7 /* ISU_V2Tests */,
				B7FDB792216887F100C0CCF7 /* ISU_V2UITests */,
				B7FDB771216887F000C0CCF7 /* Products */,
				337145A529ABE4C1B7B04CC8 /* Pods */,
				34F385EBC36BA44821B87458 /* Frameworks */,
			);
			sourceTree = "<group>";
		};
		B7FDB771216887F000C0CCF7 /* Products */ = {
			isa = PBXGroup;
			children = (
				B7FDB770216887F000C0CCF7 /* ISU_V2.app */,
				B7FDB784216887F100C0CCF7 /* ISU_V2Tests.xctest */,
				B7FDB78F216887F100C0CCF7 /* ISU_V2UITests.xctest */,
			);
			name = Products;
			sourceTree = "<group>";
		};
		B7FDB772216887F000C0CCF7 /* ISU_V2 */ = {
			isa = PBXGroup;
			children = (
				B7FDB773216887F000C0CCF7 /* AppDelegate.swift */,
				B7FDB775216887F000C0CCF7 /* ViewController.swift */,
				B7FDB7A121688C4B00C0CCF7 /* ViewController2.swift */,
				B7FDB7A321688E9C00C0CCF7 /* ViewController3.swift */,
				B76C6D502171C4B9000CB899 /* ViewController4.swift */,
				B7B0A32E2168C00C008FF802 /* TableViewCell3.swift */,
				B7FDB777216887F000C0CCF7 /* Main.storyboard */,
				B7FDB77A216887F100C0CCF7 /* Assets.xcassets */,
				23348F5D21B7B8DD003E16BD /* COOL.png */,
				231CE00C2181D39100BF0759 /* HR.png */,
				231CE00E2181D39100BF0759 /* IT.png */,
				231CE00D2181D39100BF0759 /* LO.png */,
				231CE00B2181D39100BF0759 /* PUR.png */,
				B7FDB77C216887F100C0CCF7 /* LaunchScreen.storyboard */,
				B7FDB77F216887F100C0CCF7 /* Info.plist */,
				23997A7321BA6F6400EA32EB /* GoogleService-Info.plist */,
			);
			path = ISU_V2;
			sourceTree = "<group>";
		};
		B7FDB787216887F100C0CCF7 /* ISU_V2Tests */ = {
			isa = PBXGroup;
			children = (
				B7FDB788216887F100C0CCF7 /* ISU_V2Tests.swift */,
				B7FDB78A216887F100C0CCF7 /* Info.plist */,
			);
			path = ISU_V2Tests;
			sourceTree = "<group>";
		};
		B7FDB792216887F100C0CCF7 /* ISU_V2UITests */ = {
			isa = PBXGroup;
			children = (
				B7FDB793216887F100C0CCF7 /* ISU_V2UITests.swift */,
				B7FDB795216887F100C0CCF7 /* Info.plist */,
			);
			path = ISU_V2UITests;
			sourceTree = "<group>";
		};
/* End PBXGroup section */

/* Begin PBXNativeTarget section */
		B7FDB76F216887F000C0CCF7 /* ISU_V2 */ = {
			isa = PBXNativeTarget;
			buildConfigurationList = B7FDB798216887F100C0CCF7 /* Build configuration list for PBXNativeTarget "ISU_V2" */;
			buildPhases = (
				DEB436C84D812423CCD063D0 /* [CP] Check Pods Manifest.lock */,
				B7FDB76C216887F000C0CCF7 /* Sources */,
				B7FDB76D216887F000C0CCF7 /* Frameworks */,
				B7FDB76E216887F000C0CCF7 /* Resources */,
				2BC7F4D90E0CB14519601861 /* [CP] Embed Pods Frameworks */,
			);
			buildRules = (
			);
			dependencies = (
			);
			name = ISU_V2;
			productName = ISU_V2;
			productReference = B7FDB770216887F000C0CCF7 /* ISU_V2.app */;
			productType = "com.apple.product-type.application";
		};
		B7FDB783216887F100C0CCF7 /* ISU_V2Tests */ = {
			isa = PBXNativeTarget;
			buildConfigurationList = B7FDB79B216887F100C0CCF7 /* Build configuration list for PBXNativeTarget "ISU_V2Tests" */;
			buildPhases = (
				72E6476FF83EBDAA032AA1E2 /* [CP] Check Pods Manifest.lock */,
				B7FDB780216887F100C0CCF7 /* Sources */,
				B7FDB781216887F100C0CCF7 /* Frameworks */,
				B7FDB782216887F100C0CCF7 /* Resources */,
			);
			buildRules = (
			);
			dependencies = (
				B7FDB786216887F100C0CCF7 /* PBXTargetDependency */,
			);
			name = ISU_V2Tests;
			productName = ISU_V2Tests;
			productReference = B7FDB784216887F100C0CCF7 /* ISU_V2Tests.xctest */;
			productType = "com.apple.product-type.bundle.unit-test";
		};
		B7FDB78E216887F100C0CCF7 /* ISU_V2UITests */ = {
			isa = PBXNativeTarget;
			buildConfigurationList = B7FDB79E216887F100C0CCF7 /* Build configuration list for PBXNativeTarget "ISU_V2UITests" */;
			buildPhases = (
				D463CF683FC59326F34204DB /* [CP] Check Pods Manifest.lock */,
				B7FDB78B216887F100C0CCF7 /* Sources */,
				B7FDB78C216887F100C0CCF7 /* Frameworks */,
				B7FDB78D216887F100C0CCF7 /* Resources */,
			);
			buildRules = (
			);
			dependencies = (
				B7FDB791216887F100C0CCF7 /* PBXTargetDependency */,
			);
			name = ISU_V2UITests;
			productName = ISU_V2UITests;
			productReference = B7FDB78F216887F100C0CCF7 /* ISU_V2UITests.xctest */;
			productType = "com.apple.product-type.bundle.ui-testing";
		};
/* End PBXNativeTarget section */

/* Begin PBXProject section */
		B7FDB768216887F000C0CCF7 /* Project object */ = {
			isa = PBXProject;
			attributes = {
				LastSwiftUpdateCheck = 0940;
				LastUpgradeCheck = 0940;
				ORGANIZATIONNAME = EtkinlikBilgisayar;
				TargetAttributes = {
					B7FDB76F216887F000C0CCF7 = {
						CreatedOnToolsVersion = 9.4.1;
					};
					B7FDB783216887F100C0CCF7 = {
						CreatedOnToolsVersion = 9.4.1;
						TestTargetID = B7FDB76F216887F000C0CCF7;
					};
					B7FDB78E216887F100C0CCF7 = {
						CreatedOnToolsVersion = 9.4.1;
						TestTargetID = B7FDB76F216887F000C0CCF7;
					};
				};
			};
			buildConfigurationList = B7FDB76B216887F000C0CCF7 /* Build configuration list for PBXProject "ISU_V2" */;
			compatibilityVersion = "Xcode 9.3";
			developmentRegion = en;
			hasScannedForEncodings = 0;
			knownRegions = (
				en,
				Base,
			);
			mainGroup = B7FDB767216887F000C0CCF7;
			productRefGroup = B7FDB771216887F000C0CCF7 /* Products */;
			projectDirPath = "";
			projectRoot = "";
			targets = (
				B7FDB76F216887F000C0CCF7 /* ISU_V2 */,
				B7FDB783216887F100C0CCF7 /* ISU_V2Tests */,
				B7FDB78E216887F100C0CCF7 /* ISU_V2UITests */,
			);
		};
/* End PBXProject section */

/* Begin PBXResourcesBuildPhase section */
		B7FDB76E216887F000C0CCF7 /* Resources */ = {
			isa = PBXResourcesBuildPhase;
			buildActionMask = 2147483647;
			files = (
				23348F5E21B7B8DD003E16BD /* COOL.png in Resources */,
				231CE0112181D39100BF0759 /* LO.png in Resources */,
				23997A7421BA6F6400EA32EB /* GoogleService-Info.plist in Resources */,
				231CE0102181D39100BF0759 /* HR.png in Resources */,
				231CE0122181D39100BF0759 /* IT.png in Resources */,
				B7FDB77E216887F100C0CCF7 /* LaunchScreen.storyboard in Resources */,
				B7FDB77B216887F100C0CCF7 /* Assets.xcassets in Resources */,
				B7FDB779216887F000C0CCF7 /* Main.storyboard in Resources */,
				231CE00F2181D39100BF0759 /* PUR.png in Resources */,
			);
			runOnlyForDeploymentPostprocessing = 0;
		};
		B7FDB782216887F100C0CCF7 /* Resources */ = {
			isa = PBXResourcesBuildPhase;
			buildActionMask = 2147483647;
			files = (
			);
			runOnlyForDeploymentPostprocessing = 0;
		};
		B7FDB78D216887F100C0CCF7 /* Resources */ = {
			isa = PBXResourcesBuildPhase;
			buildActionMask = 2147483647;
			files = (
			);
			runOnlyForDeploymentPostprocessing = 0;
		};
/* End PBXResourcesBuildPhase section */

/* Begin PBXShellScriptBuildPhase section */
		2BC7F4D90E0CB14519601861 /* [CP] Embed Pods Frameworks */ = {
			isa = PBXShellScriptBuildPhase;
			buildActionMask = 2147483647;
			files = (
			);
			inputFileListPaths = (
			);
			inputPaths = (
				"${SRCROOT}/Pods/Target Support Files/Pods-ISU_V2/Pods-ISU_V2-frameworks.sh",
				"${BUILT_PRODUCTS_DIR}/GTMSessionFetcher/GTMSessionFetcher.framework",
				"${BUILT_PRODUCTS_DIR}/GoogleUtilities/GoogleUtilities.framework",
				"${BUILT_PRODUCTS_DIR}/IQKeyboardManagerSwift/IQKeyboardManagerSwift.framework",
				"${BUILT_PRODUCTS_DIR}/Protobuf/Protobuf.framework",
				"${BUILT_PRODUCTS_DIR}/leveldb-library/leveldb.framework",
				"${BUILT_PRODUCTS_DIR}/nanopb/nanopb.framework",
			);
			name = "[CP] Embed Pods Frameworks";
			outputFileListPaths = (
			);
			outputPaths = (
				"${TARGET_BUILD_DIR}/${FRAMEWORKS_FOLDER_PATH}/GTMSessionFetcher.framework",
				"${TARGET_BUILD_DIR}/${FRAMEWORKS_FOLDER_PATH}/GoogleUtilities.framework",
				"${TARGET_BUILD_DIR}/${FRAMEWORKS_FOLDER_PATH}/IQKeyboardManagerSwift.framework",
				"${TARGET_BUILD_DIR}/${FRAMEWORKS_FOLDER_PATH}/Protobuf.framework",
				"${TARGET_BUILD_DIR}/${FRAMEWORKS_FOLDER_PATH}/leveldb.framework",
				"${TARGET_BUILD_DIR}/${FRAMEWORKS_FOLDER_PATH}/nanopb.framework",
			);
			runOnlyForDeploymentPostprocessing = 0;
			shellPath = /bin/sh;
			shellScript = "\"${SRCROOT}/Pods/Target Support Files/Pods-ISU_V2/Pods-ISU_V2-frameworks.sh\"\n";
			showEnvVarsInLog = 0;
		};
		72E6476FF83EBDAA032AA1E2 /* [CP] Check Pods Manifest.lock */ = {
			isa = PBXShellScriptBuildPhase;
			buildActionMask = 2147483647;
			files = (
			);
			inputFileListPaths = (
			);
			inputPaths = (
				"${PODS_PODFILE_DIR_PATH}/Podfile.lock",
				"${PODS_ROOT}/Manifest.lock",
			);
			name = "[CP] Check Pods Manifest.lock";
			outputFileListPaths = (
			);
			outputPaths = (
				"$(DERIVED_FILE_DIR)/Pods-ISU_V2Tests-checkManifestLockResult.txt",
			);
			runOnlyForDeploymentPostprocessing = 0;
			shellPath = /bin/sh;
			shellScript = "diff \"${PODS_PODFILE_DIR_PATH}/Podfile.lock\" \"${PODS_ROOT}/Manifest.lock\" > /dev/null\nif [ $? != 0 ] ; then\n    # print error to STDERR\n    echo \"error: The sandbox is not in sync with the Podfile.lock. Run 'pod install' or update your CocoaPods installation.\" >&2\n    exit 1\nfi\n# This output is used by Xcode 'outputs' to avoid re-running this script phase.\necho \"SUCCESS\" > \"${SCRIPT_OUTPUT_FILE_0}\"\n";
			showEnvVarsInLog = 0;
		};
		D463CF683FC59326F34204DB /* [CP] Check Pods Manifest.lock */ = {
			isa = PBXShellScriptBuildPhase;
			buildActionMask = 2147483647;
			files = (
			);
			inputFileListPaths = (
			);
			inputPaths = (
				"${PODS_PODFILE_DIR_PATH}/Podfile.lock",
				"${PODS_ROOT}/Manifest.lock",
			);
			name = "[CP] Check Pods Manifest.lock";
			outputFileListPaths = (
			);
			outputPaths = (
				"$(DERIVED_FILE_DIR)/Pods-ISU_V2UITests-checkManifestLockResult.txt",
			);
			runOnlyForDeploymentPostprocessing = 0;
			shellPath = /bin/sh;
			shellScript = "diff \"${PODS_PODFILE_DIR_PATH}/Podfile.lock\" \"${PODS_ROOT}/Manifest.lock\" > /dev/null\nif [ $? != 0 ] ; then\n    # print error to STDERR\n    echo \"error: The sandbox is not in sync with the Podfile.lock. Run 'pod install' or update your CocoaPods installation.\" >&2\n    exit 1\nfi\n# This output is used by Xcode 'outputs' to avoid re-running this script phase.\necho \"SUCCESS\" > \"${SCRIPT_OUTPUT_FILE_0}\"\n";
			showEnvVarsInLog = 0;
		};
		DEB436C84D812423CCD063D0 /* [CP] Check Pods Manifest.lock */ = {
			isa = PBXShellScriptBuildPhase;
			buildActionMask = 2147483647;
			files = (
			);
			inputFileListPaths = (
			);
			inputPaths = (
				"${PODS_PODFILE_DIR_PATH}/Podfile.lock",
				"${PODS_ROOT}/Manifest.lock",
			);
			name = "[CP] Check Pods Manifest.lock";
			outputFileListPaths = (
			);
			outputPaths = (
				"$(DERIVED_FILE_DIR)/Pods-ISU_V2-checkManifestLockResult.txt",
			);
			runOnlyForDeploymentPostprocessing = 0;
			shellPath = /bin/sh;
			shellScript = "diff \"${PODS_PODFILE_DIR_PATH}/Podfile.lock\" \"${PODS_ROOT}/Manifest.lock\" > /dev/null\nif [ $? != 0 ] ; then\n    # print error to STDERR\n    echo \"error: The sandbox is not in sync with the Podfile.lock. Run 'pod install' or update your CocoaPods installation.\" >&2\n    exit 1\nfi\n# This output is used by Xcode 'outputs' to avoid re-running this script phase.\necho \"SUCCESS\" > \"${SCRIPT_OUTPUT_FILE_0}\"\n";
			showEnvVarsInLog = 0;
		};
/* End PBXShellScriptBuildPhase section */

/* Begin PBXSourcesBuildPhase section */
		B7FDB76C216887F000C0CCF7 /* Sources */ = {
			isa = PBXSourcesBuildPhase;
			buildActionMask = 2147483647;
			files = (
				B7FDB776216887F000C0CCF7 /* ViewController.swift in Sources */,
				B76C6D512171C4BA000CB899 /* ViewController4.swift in Sources */,
				B7FDB774216887F000C0CCF7 /* AppDelegate.swift in Sources */,
				B7FDB7A421688E9C00C0CCF7 /* ViewController3.swift in Sources */,
				B7FDB7A221688C4B00C0CCF7 /* ViewController2.swift in Sources */,
				B7B0A32F2168C00C008FF802 /* TableViewCell3.swift in Sources */,
			);
			runOnlyForDeploymentPostprocessing = 0;
		};
		B7FDB780216887F100C0CCF7 /* Sources */ = {
			isa = PBXSourcesBuildPhase;
			buildActionMask = 2147483647;
			files = (
				B7FDB789216887F100C0CCF7 /* ISU_V2Tests.swift in Sources */,
			);
			runOnlyForDeploymentPostprocessing = 0;
		};
		B7FDB78B216887F100C0CCF7 /* Sources */ = {
			isa = PBXSourcesBuildPhase;
			buildActionMask = 2147483647;
			files = (
				B7FDB794216887F100C0CCF7 /* ISU_V2UITests.swift in Sources */,
			);
			runOnlyForDeploymentPostprocessing = 0;
		};
/* End PBXSourcesBuildPhase section */

/* Begin PBXTargetDependency section */
		B7FDB786216887F100C0CCF7 /* PBXTargetDependency */ = {
			isa = PBXTargetDependency;
			target = B7FDB76F216887F000C0CCF7 /* ISU_V2 */;
			targetProxy = B7FDB785216887F100C0CCF7 /* PBXContainerItemProxy */;
		};
		B7FDB791216887F100C0CCF7 /* PBXTargetDependency */ = {
			isa = PBXTargetDependency;
			target = B7FDB76F216887F000C0CCF7 /* ISU_V2 */;
			targetProxy = B7FDB790216887F100C0CCF7 /* PBXContainerItemProxy */;
		};
/* End PBXTargetDependency section */

/* Begin PBXVariantGroup section */
		B7FDB777216887F000C0CCF7 /* Main.storyboard */ = {
			isa = PBXVariantGroup;
			children = (
				B7FDB778216887F000C0CCF7 /* Base */,
			);
			name = Main.storyboard;
			sourceTree = "<group>";
		};
		B7FDB77C216887F100C0CCF7 /* LaunchScreen.storyboard */ = {
			isa = PBXVariantGroup;
			children = (
				B7FDB77D216887F100C0CCF7 /* Base */,
			);
			name = LaunchScreen.storyboard;
			sourceTree = "<group>";
		};
/* End PBXVariantGroup section */

/* Begin XCBuildConfiguration section */
		B7FDB796216887F100C0CCF7 /* Debug */ = {
			isa = XCBuildConfiguration;
			buildSettings = {
				ALWAYS_SEARCH_USER_PATHS = NO;
				CLANG_ANALYZER_NONNULL = YES;
				CLANG_ANALYZER_NUMBER_OBJECT_CONVERSION = YES_AGGRESSIVE;
				CLANG_CXX_LANGUAGE_STANDARD = "gnu++14";
				CLANG_CXX_LIBRARY = "libc++";
				CLANG_ENABLE_MODULES = YES;
				CLANG_ENABLE_OBJC_ARC = YES;
				CLANG_ENABLE_OBJC_WEAK = YES;
				CLANG_WARN_BLOCK_CAPTURE_AUTORELEASING = YES;
				CLANG_WARN_BOOL_CONVERSION = YES;
				CLANG_WARN_COMMA = YES;
				CLANG_WARN_CONSTANT_CONVERSION = YES;
				CLANG_WARN_DEPRECATED_OBJC_IMPLEMENTATIONS = YES;
				CLANG_WARN_DIRECT_OBJC_ISA_USAGE = YES_ERROR;
				CLANG_WARN_DOCUMENTATION_COMMENTS = YES;
				CLANG_WARN_EMPTY_BODY = YES;
				CLANG_WARN_ENUM_CONVERSION = YES;
				CLANG_WARN_INFINITE_RECURSION = YES;
				CLANG_WARN_INT_CONVERSION = YES;
				CLANG_WARN_NON_LITERAL_NULL_CONVERSION = YES;
				CLANG_WARN_OBJC_IMPLICIT_RETAIN_SELF = YES;
				CLANG_WARN_OBJC_LITERAL_CONVERSION = YES;
				CLANG_WARN_OBJC_ROOT_CLASS = YES_ERROR;
				CLANG_WARN_RANGE_LOOP_ANALYSIS = YES;
				CLANG_WARN_STRICT_PROTOTYPES = YES;
				CLANG_WARN_SUSPICIOUS_MOVE = YES;
				CLANG_WARN_UNGUARDED_AVAILABILITY = YES_AGGRESSIVE;
				CLANG_WARN_UNREACHABLE_CODE = YES;
				CLANG_WARN__DUPLICATE_METHOD_MATCH = YES;
				CODE_SIGN_IDENTITY = "iPhone Developer";
				COPY_PHASE_STRIP = NO;
				DEBUG_INFORMATION_FORMAT = dwarf;
				ENABLE_STRICT_OBJC_MSGSEND = YES;
				ENABLE_TESTABILITY = YES;
				GCC_C_LANGUAGE_STANDARD = gnu11;
				GCC_DYNAMIC_NO_PIC = NO;
				GCC_NO_COMMON_BLOCKS = YES;
				GCC_OPTIMIZATION_LEVEL = 0;
				GCC_PREPROCESSOR_DEFINITIONS = (
					"DEBUG=1",
					"$(inherited)",
				);
				GCC_WARN_64_TO_32_BIT_CONVERSION = YES;
				GCC_WARN_ABOUT_RETURN_TYPE = YES_ERROR;
				GCC_WARN_UNDECLARED_SELECTOR = YES;
				GCC_WARN_UNINITIALIZED_AUTOS = YES_AGGRESSIVE;
				GCC_WARN_UNUSED_FUNCTION = YES;
				GCC_WARN_UNUSED_VARIABLE = YES;
				IPHONEOS_DEPLOYMENT_TARGET = 11.4;
				MTL_ENABLE_DEBUG_INFO = YES;
				ONLY_ACTIVE_ARCH = YES;
				SDKROOT = iphoneos;
				SWIFT_ACTIVE_COMPILATION_CONDITIONS = DEBUG;
				SWIFT_OPTIMIZATION_LEVEL = "-Onone";
			};
			name = Debug;
		};
		B7FDB797216887F100C0CCF7 /* Release */ = {
			isa = XCBuildConfiguration;
			buildSettings = {
				ALWAYS_SEARCH_USER_PATHS = NO;
				CLANG_ANALYZER_NONNULL = YES;
				CLANG_ANALYZER_NUMBER_OBJECT_CONVERSION = YES_AGGRESSIVE;
				CLANG_CXX_LANGUAGE_STANDARD = "gnu++14";
				CLANG_CXX_LIBRARY = "libc++";
				CLANG_ENABLE_MODULES = YES;
				CLANG_ENABLE_OBJC_ARC = YES;
				CLANG_ENABLE_OBJC_WEAK = YES;
				CLANG_WARN_BLOCK_CAPTURE_AUTORELEASING = YES;
				CLANG_WARN_BOOL_CONVERSION = YES;
				CLANG_WARN_COMMA = YES;
				CLANG_WARN_CONSTANT_CONVERSION = YES;
				CLANG_WARN_DEPRECATED_OBJC_IMPLEMENTATIONS = YES;
				CLANG_WARN_DIRECT_OBJC_ISA_USAGE = YES_ERROR;
				CLANG_WARN_DOCUMENTATION_COMMENTS = YES;
				CLANG_WARN_EMPTY_BODY = YES;
				CLANG_WARN_ENUM_CONVERSION = YES;
				CLANG_WARN_INFINITE_RECURSION = YES;
				CLANG_WARN_INT_CONVERSION = YES;
				CLANG_WARN_NON_LITERAL_NULL_CONVERSION = YES;
				CLANG_WARN_OBJC_IMPLICIT_RETAIN_SELF = YES;
				CLANG_WARN_OBJC_LITERAL_CONVERSION = YES;
				CLANG_WARN_OBJC_ROOT_CLASS = YES_ERROR;
				CLANG_WARN_RANGE_LOOP_ANALYSIS = YES;
				CLANG_WARN_STRICT_PROTOTYPES = YES;
				CLANG_WARN_SUSPICIOUS_MOVE = YES;
				CLANG_WARN_UNGUARDED_AVAILABILITY = YES_AGGRESSIVE;
				CLANG_WARN_UNREACHABLE_CODE = YES;
				CLANG_WARN__DUPLICATE_METHOD_MATCH = YES;
				CODE_SIGN_IDENTITY = "iPhone Developer";
				COPY_PHASE_STRIP = NO;
				DEBUG_INFORMATION_FORMAT = "dwarf-with-dsym";
				ENABLE_NS_ASSERTIONS = NO;
				ENABLE_STRICT_OBJC_MSGSEND = YES;
				GCC_C_LANGUAGE_STANDARD = gnu11;
				GCC_NO_COMMON_BLOCKS = YES;
				GCC_WARN_64_TO_32_BIT_CONVERSION = YES;
				GCC_WARN_ABOUT_RETURN_TYPE = YES_ERROR;
				GCC_WARN_UNDECLARED_SELECTOR = YES;
				GCC_WARN_UNINITIALIZED_AUTOS = YES_AGGRESSIVE;
				GCC_WARN_UNUSED_FUNCTION = YES;
				GCC_WARN_UNUSED_VARIABLE = YES;
				IPHONEOS_DEPLOYMENT_TARGET = 11.4;
				MTL_ENABLE_DEBUG_INFO = NO;
				SDKROOT = iphoneos;
				SWIFT_COMPILATION_MODE = wholemodule;
				SWIFT_OPTIMIZATION_LEVEL = "-O";
				VALIDATE_PRODUCT = YES;
			};
			name = Release;
		};
		B7FDB799216887F100C0CCF7 /* Debug */ = {
			isa = XCBuildConfiguration;
			baseConfigurationReference = DE445385EA63F2C210943EFF /* Pods-ISU_V2.debug.xcconfig */;
			buildSettings = {
				ASSETCATALOG_COMPILER_APPICON_NAME = AppIcon;
				CODE_SIGN_STYLE = Automatic;
				INFOPLIST_FILE = ISU_V2/Info.plist;
				LD_RUNPATH_SEARCH_PATHS = (
					"$(inherited)",
					"@executable_path/Frameworks",
				);
				PRODUCT_BUNDLE_IDENTIFIER = "ceren.ISU-V2";
				PRODUCT_NAME = "$(TARGET_NAME)";
				SWIFT_VERSION = 4.0;
				TARGETED_DEVICE_FAMILY = "1,2";
			};
			name = Debug;
		};
		B7FDB79A216887F100C0CCF7 /* Release */ = {
			isa = XCBuildConfiguration;
			baseConfigurationReference = 955A944F62F7F0A619779EEA /* Pods-ISU_V2.release.xcconfig */;
			buildSettings = {
				ASSETCATALOG_COMPILER_APPICON_NAME = AppIcon;
				CODE_SIGN_STYLE = Automatic;
				INFOPLIST_FILE = ISU_V2/Info.plist;
				LD_RUNPATH_SEARCH_PATHS = (
					"$(inherited)",
					"@executable_path/Frameworks",
				);
				PRODUCT_BUNDLE_IDENTIFIER = "ceren.ISU-V2";
				PRODUCT_NAME = "$(TARGET_NAME)";
				SWIFT_VERSION = 4.0;
				TARGETED_DEVICE_FAMILY = "1,2";
			};
			name = Release;
		};
		B7FDB79C216887F100C0CCF7 /* Debug */ = {
			isa = XCBuildConfiguration;
			baseConfigurationReference = 527A8D9C775CC00A323BBCE5 /* Pods-ISU_V2Tests.debug.xcconfig */;
			buildSettings = {
				ALWAYS_EMBED_SWIFT_STANDARD_LIBRARIES = YES;
				BUNDLE_LOADER = "$(TEST_HOST)";
				CODE_SIGN_STYLE = Automatic;
				INFOPLIST_FILE = ISU_V2Tests/Info.plist;
				LD_RUNPATH_SEARCH_PATHS = (
					"$(inherited)",
					"@executable_path/Frameworks",
					"@loader_path/Frameworks",
				);
				PRODUCT_BUNDLE_IDENTIFIER = "ceren.ISU-V2Tests";
				PRODUCT_NAME = "$(TARGET_NAME)";
				SWIFT_VERSION = 4.0;
				TARGETED_DEVICE_FAMILY = "1,2";
				TEST_HOST = "$(BUILT_PRODUCTS_DIR)/ISU_V2.app/ISU_V2";
			};
			name = Debug;
		};
		B7FDB79D216887F100C0CCF7 /* Release */ = {
			isa = XCBuildConfiguration;
			baseConfigurationReference = 3B4A26144B707B99FB66E3DC /* Pods-ISU_V2Tests.release.xcconfig */;
			buildSettings = {
				ALWAYS_EMBED_SWIFT_STANDARD_LIBRARIES = YES;
				BUNDLE_LOADER = "$(TEST_HOST)";
				CODE_SIGN_STYLE = Automatic;
				INFOPLIST_FILE = ISU_V2Tests/Info.plist;
				LD_RUNPATH_SEARCH_PATHS = (
					"$(inherited)",
					"@executable_path/Frameworks",
					"@loader_path/Frameworks",
				);
				PRODUCT_BUNDLE_IDENTIFIER = "ceren.ISU-V2Tests";
				PRODUCT_NAME = "$(TARGET_NAME)";
				SWIFT_VERSION = 4.0;
				TARGETED_DEVICE_FAMILY = "1,2";
				TEST_HOST = "$(BUILT_PRODUCTS_DIR)/ISU_V2.app/ISU_V2";
			};
			name = Release;
		};
		B7FDB79F216887F100C0CCF7 /* Debug */ = {
			isa = XCBuildConfiguration;
			baseConfigurationReference = 659F872981D1600A8E07EA3E /* Pods-ISU_V2UITests.debug.xcconfig */;
			buildSettings = {
				ALWAYS_EMBED_SWIFT_STANDARD_LIBRARIES = YES;
				CODE_SIGN_STYLE = Automatic;
				INFOPLIST_FILE = ISU_V2UITests/Info.plist;
				LD_RUNPATH_SEARCH_PATHS = (
					"$(inherited)",
					"@executable_path/Frameworks",
					"@loader_path/Frameworks",
				);
				PRODUCT_BUNDLE_IDENTIFIER = "ceren.ISU-V2UITests";
				PRODUCT_NAME = "$(TARGET_NAME)";
				SWIFT_VERSION = 4.0;
				TARGETED_DEVICE_FAMILY = "1,2";
				TEST_TARGET_NAME = ISU_V2;
			};
			name = Debug;
		};
		B7FDB7A0216887F100C0CCF7 /* Release */ = {
			isa = XCBuildConfiguration;
			baseConfigurationReference = B8E5DAD48CC1472DA6263575 /* Pods-ISU_V2UITests.release.xcconfig */;
			buildSettings = {
				ALWAYS_EMBED_SWIFT_STANDARD_LIBRARIES = YES;
				CODE_SIGN_STYLE = Automatic;
				INFOPLIST_FILE = ISU_V2UITests/Info.plist;
				LD_RUNPATH_SEARCH_PATHS = (
					"$(inherited)",
					"@executable_path/Frameworks",
					"@loader_path/Frameworks",
				);
				PRODUCT_BUNDLE_IDENTIFIER = "ceren.ISU-V2UITests";
				PRODUCT_NAME = "$(TARGET_NAME)";
				SWIFT_VERSION = 4.0;
				TARGETED_DEVICE_FAMILY = "1,2";
				TEST_TARGET_NAME = ISU_V2;
			};
			name = Release;
		};
/* End XCBuildConfiguration section */

/* Begin XCConfigurationList section */
		B7FDB76B216887F000C0CCF7 /* Build configuration list for PBXProject "ISU_V2" */ = {
			isa = XCConfigurationList;
			buildConfigurations = (
				B7FDB796216887F100C0CCF7 /* Debug */,
				B7FDB797216887F100C0CCF7 /* Release */,
			);
			defaultConfigurationIsVisible = 0;
			defaultConfigurationName = Release;
		};
		B7FDB798216887F100C0CCF7 /* Build configuration list for PBXNativeTarget "ISU_V2" */ = {
			isa = XCConfigurationList;
			buildConfigurations = (
				B7FDB799216887F100C0CCF7 /* Debug */,
				B7FDB79A216887F100C0CCF7 /* Release */,
			);
			defaultConfigurationIsVisible = 0;
			defaultConfigurationName = Release;
		};
		B7FDB79B216887F100C0CCF7 /* Build configuration list for PBXNativeTarget "ISU_V2Tests" */ = {
			isa = XCConfigurationList;
			buildConfigurations = (
				B7FDB79C216887F100C0CCF7 /* Debug */,
				B7FDB79D216887F100C0CCF7 /* Release */,
			);
			defaultConfigurationIsVisible = 0;
			defaultConfigurationName = Release;
		};
		B7FDB79E216887F100C0CCF7 /* Build configuration list for PBXNativeTarget "ISU_V2UITests" */ = {
			isa = XCConfigurationList;
			buildConfigurations = (
				B7FDB79F216887F100C0CCF7 /* Debug */,
				B7FDB7A0216887F100C0CCF7 /* Release */,
			);
			defaultConfigurationIsVisible = 0;
			defaultConfigurationName = Release;
		};
/* End XCConfigurationList section */
	};
	rootObject = B7FDB768216887F000C0CCF7 /* Project object */;
}
